<?xml version="1.0" encoding="utf-8"?>
<Project ToolsVersion="4.0" xmlns="http://schemas.microsoft.com/developer/msbuild/2003">
  <ItemGroup>
    <Filter Include="CrashEngine">
      <UniqueIdentifier>{8CBCB8D2-F871-31C8-8166-2B9FED1A28CC}</UniqueIdentifier>
    </Filter>
    <Filter Include="CrashEngine\Events">
      <UniqueIdentifier>{F05283EB-DC36-4441-4597-3E94319A2EC3}</UniqueIdentifier>
    </Filter>
  </ItemGroup>
  <ItemGroup>
    <ClInclude Include="src\Crash.h" />
    <ClInclude Include="src\CrashEngine\Application.h">
      <Filter>CrashEngine</Filter>
    </ClInclude>
    <ClInclude Include="src\CrashEngine\Core.h">
      <Filter>CrashEngine</Filter>
    </ClInclude>
    <ClInclude Include="src\CrashEngine\EntryPoint.h">
      <Filter>CrashEngine</Filter>
    </ClInclude>
    <ClInclude Include="src\CrashEngine\Events\ApplicationEvent.h">
      <Filter>CrashEngine\Events</Filter>
    </ClInclude>
    <ClInclude Include="src\CrashEngine\Events\Event.h">
      <Filter>CrashEngine\Events</Filter>
    </ClInclude>
    <ClInclude Include="src\CrashEngine\Events\KeyEvent.h">
      <Filter>CrashEngine\Events</Filter>
    </ClInclude>
    <ClInclude Include="src\CrashEngine\Events\MouseEvent.h">
      <Filter>CrashEngine\Events</Filter>
    </ClInclude>
    <ClInclude Include="src\CrashEngine\Log.h">
      <Filter>CrashEngine</Filter>
    </ClInclude>
    <ClInclude Include="src\cepch.h" />
  </ItemGroup>
  <ItemGroup>
    <ClCompile Include="src\CrashEngine\Application.cpp">
      <Filter>CrashEngine</Filter>
    </ClCompile>
    <ClCompile Include="src\CrashEngine\Log.cpp">
      <Filter>CrashEngine</Filter>
    </ClCompile>
    <ClCompile Include="src\cepch.cpp" />
  </ItemGroup>
</Project>